
Microsoft Visual Studio Solution File, Format Version 12.00
# Visual Studio Version 17
VisualStudioVersion = 17.3.32825.248
MinimumVisualStudioVersion = 10.0.40219.1
Project("{2150E333-8FDC-42A3-9474-1A3956D46DE8}") = "Core", "Core", "{F7553B39-2C91-4516-BBD4-55986B404662}"
EndProject
Project("{2150E333-8FDC-42A3-9474-1A3956D46DE8}") = "Infrastructure", "Infrastructure", "{0EED33B5-F232-4E71-8CAE-7FE9872135DC}"
EndProject
Project("{2150E333-8FDC-42A3-9474-1A3956D46DE8}") = "EndPoints", "EndPoints", "{14AE8CAD-F43D-4A42-B358-070593109BDC}"
EndProject
Project("{2150E333-8FDC-42A3-9474-1A3956D46DE8}") = "Shared", "Shared", "{3BD2B49A-C9C2-4AC9-B5D5-F47C246A5B92}"
EndProject
Project("{9A19103F-16F7-4668-BE54-9A1E7A4F7556}") = "Domain", "src\Core\Domain\Domain.csproj", "{20CBAE23-FA0C-4849-905A-23C28ECAFA78}"
EndProject
Project("{9A19103F-16F7-4668-BE54-9A1E7A4F7556}") = "Application", "src\Core\Application\Application.csproj", "{88E8D4CA-7037-488B-9248-A1A7DB225848}"
EndProject
Project("{9A19103F-16F7-4668-BE54-9A1E7A4F7556}") = "Api", "src\EndPoints\Api\Api.csproj", "{631C952A-1F54-4CFA-9AF8-8951576AE034}"
EndProject
Project("{9A19103F-16F7-4668-BE54-9A1E7A4F7556}") = "Persistence", "src\Infrastructure\Persistence\Persistence.csproj", "{F914AA7A-C1E7-4F2C-A06A-9BB51DCCD83D}"
EndProject
Project("{9A19103F-16F7-4668-BE54-9A1E7A4F7556}") = "Utility", "src\Shared\Utitlity\Utility.csproj", "{DD6D54D8-8E48-4314-A6E7-D6F91522A148}"
EndProject
Project("{9A19103F-16F7-4668-BE54-9A1E7A4F7556}") = "Network", "src\Infrastructure\Network\Network.csproj", "{2DE37795-58F0-4C37-841F-2B68A2EBAFE7}"
EndProject
Project("{9A19103F-16F7-4668-BE54-9A1E7A4F7556}") = "Network.Grpc", "src\Infrastructure\Network.Grpc\Network.Grpc.csproj", "{C0826F57-B861-4D9A-9563-E7D52FC2474F}"
EndProject
Project("{9A19103F-16F7-4668-BE54-9A1E7A4F7556}") = "Validator", "src\EndPoints\Validator\Validator.csproj", "{5DB4FB78-E8FA-41EB-AEA8-D7F7ECF9F7C9}"
EndProject
Project("{9A19103F-16F7-4668-BE54-9A1E7A4F7556}") = "Persistence.Mongo", "src\Infrastructure\Persistence.Mongo\Persistence.Mongo.csproj", "{9BED03EF-91C1-4216-A789-33F2AC2A08EA}"
EndProject
Global
	GlobalSection(SolutionConfigurationPlatforms) = preSolution
		Debug|Any CPU = Debug|Any CPU
		Release|Any CPU = Release|Any CPU
	EndGlobalSection
	GlobalSection(ProjectConfigurationPlatforms) = postSolution
		{20CBAE23-FA0C-4849-905A-23C28ECAFA78}.Debug|Any CPU.ActiveCfg = Debug|Any CPU
		{20CBAE23-FA0C-4849-905A-23C28ECAFA78}.Debug|Any CPU.Build.0 = Debug|Any CPU
		{20CBAE23-FA0C-4849-905A-23C28ECAFA78}.Release|Any CPU.ActiveCfg = Release|Any CPU
		{20CBAE23-FA0C-4849-905A-23C28ECAFA78}.Release|Any CPU.Build.0 = Release|Any CPU
		{88E8D4CA-7037-488B-9248-A1A7DB225848}.Debug|Any CPU.ActiveCfg = Debug|Any CPU
		{88E8D4CA-7037-488B-9248-A1A7DB225848}.Debug|Any CPU.Build.0 = Debug|Any CPU
		{88E8D4CA-7037-488B-9248-A1A7DB225848}.Release|Any CPU.ActiveCfg = Release|Any CPU
		{88E8D4CA-7037-488B-9248-A1A7DB225848}.Release|Any CPU.Build.0 = Release|Any CPU
		{631C952A-1F54-4CFA-9AF8-8951576AE034}.Debug|Any CPU.ActiveCfg = Debug|Any CPU
		{631C952A-1F54-4CFA-9AF8-8951576AE034}.Debug|Any CPU.Build.0 = Debug|Any CPU
		{631C952A-1F54-4CFA-9AF8-8951576AE034}.Release|Any CPU.ActiveCfg = Release|Any CPU
		{631C952A-1F54-4CFA-9AF8-8951576AE034}.Release|Any CPU.Build.0 = Release|Any CPU
		{F914AA7A-C1E7-4F2C-A06A-9BB51DCCD83D}.Debug|Any CPU.ActiveCfg = Debug|Any CPU
		{F914AA7A-C1E7-4F2C-A06A-9BB51DCCD83D}.Debug|Any CPU.Build.0 = Debug|Any CPU
		{F914AA7A-C1E7-4F2C-A06A-9BB51DCCD83D}.Release|Any CPU.ActiveCfg = Release|Any CPU
		{F914AA7A-C1E7-4F2C-A06A-9BB51DCCD83D}.Release|Any CPU.Build.0 = Release|Any CPU
		{DD6D54D8-8E48-4314-A6E7-D6F91522A148}.Debug|Any CPU.ActiveCfg = Debug|Any CPU
		{DD6D54D8-8E48-4314-A6E7-D6F91522A148}.Debug|Any CPU.Build.0 = Debug|Any CPU
		{DD6D54D8-8E48-4314-A6E7-D6F91522A148}.Release|Any CPU.ActiveCfg = Release|Any CPU
		{DD6D54D8-8E48-4314-A6E7-D6F91522A148}.Release|Any CPU.Build.0 = Release|Any CPU
		{2DE37795-58F0-4C37-841F-2B68A2EBAFE7}.Debug|Any CPU.ActiveCfg = Debug|Any CPU
		{2DE37795-58F0-4C37-841F-2B68A2EBAFE7}.Debug|Any CPU.Build.0 = Debug|Any CPU
		{2DE37795-58F0-4C37-841F-2B68A2EBAFE7}.Release|Any CPU.ActiveCfg = Release|Any CPU
		{2DE37795-58F0-4C37-841F-2B68A2EBAFE7}.Release|Any CPU.Build.0 = Release|Any CPU
		{C0826F57-B861-4D9A-9563-E7D52FC2474F}.Debug|Any CPU.ActiveCfg = Debug|Any CPU
		{C0826F57-B861-4D9A-9563-E7D52FC2474F}.Debug|Any CPU.Build.0 = Debug|Any CPU
		{C0826F57-B861-4D9A-9563-E7D52FC2474F}.Release|Any CPU.ActiveCfg = Release|Any CPU
		{C0826F57-B861-4D9A-9563-E7D52FC2474F}.Release|Any CPU.Build.0 = Release|Any CPU
		{5DB4FB78-E8FA-41EB-AEA8-D7F7ECF9F7C9}.Debug|Any CPU.ActiveCfg = Debug|Any CPU
		{5DB4FB78-E8FA-41EB-AEA8-D7F7ECF9F7C9}.Debug|Any CPU.Build.0 = Debug|Any CPU
		{5DB4FB78-E8FA-41EB-AEA8-D7F7ECF9F7C9}.Release|Any CPU.ActiveCfg = Release|Any CPU
		{5DB4FB78-E8FA-41EB-AEA8-D7F7ECF9F7C9}.Release|Any CPU.Build.0 = Release|Any CPU
		{9BED03EF-91C1-4216-A789-33F2AC2A08EA}.Debug|Any CPU.ActiveCfg = Debug|Any CPU
		{9BED03EF-91C1-4216-A789-33F2AC2A08EA}.Debug|Any CPU.Build.0 = Debug|Any CPU
		{9BED03EF-91C1-4216-A789-33F2AC2A08EA}.Release|Any CPU.ActiveCfg = Release|Any CPU
		{9BED03EF-91C1-4216-A789-33F2AC2A08EA}.Release|Any CPU.Build.0 = Release|Any CPU
	EndGlobalSection
	GlobalSection(SolutionProperties) = preSolution
		HideSolutionNode = FALSE
	EndGlobalSection
	GlobalSection(NestedProjects) = preSolution
		{20CBAE23-FA0C-4849-905A-23C28ECAFA78} = {F7553B39-2C91-4516-BBD4-55986B404662}
		{88E8D4CA-7037-488B-9248-A1A7DB225848} = {F7553B39-2C91-4516-BBD4-55986B404662}
		{631C952A-1F54-4CFA-9AF8-8951576AE034} = {14AE8CAD-F43D-4A42-B358-070593109BDC}
		{F914AA7A-C1E7-4F2C-A06A-9BB51DCCD83D} = {0EED33B5-F232-4E71-8CAE-7FE9872135DC}
		{DD6D54D8-8E48-4314-A6E7-D6F91522A148} = {3BD2B49A-C9C2-4AC9-B5D5-F47C246A5B92}
		{2DE37795-58F0-4C37-841F-2B68A2EBAFE7} = {0EED33B5-F232-4E71-8CAE-7FE9872135DC}
		{C0826F57-B861-4D9A-9563-E7D52FC2474F} = {0EED33B5-F232-4E71-8CAE-7FE9872135DC}
		{5DB4FB78-E8FA-41EB-AEA8-D7F7ECF9F7C9} = {14AE8CAD-F43D-4A42-B358-070593109BDC}
		{9BED03EF-91C1-4216-A789-33F2AC2A08EA} = {0EED33B5-F232-4E71-8CAE-7FE9872135DC}
	EndGlobalSection
	GlobalSection(ExtensibilityGlobals) = postSolution
		SolutionGuid = {1BE5BA0B-675E-43E7-8E75-0EDEA66C8CD6}
	EndGlobalSection
EndGlobal
