
Microsoft Visual Studio Solution File, Format Version 12.00
# Visual Studio Version 17
VisualStudioVersion = 17.3.32825.248
MinimumVisualStudioVersion = 10.0.40219.1
Project("{9A19103F-16F7-4668-BE54-9A1E7A4F7556}") = "App", "App\App.csproj", "{2EF39439-587F-41BD-94D5-BAC7ACBD7B46}"
EndProject
Project("{2150E333-8FDC-42A3-9474-1A3956D46DE8}") = "Core", "Core", "{F7553B39-2C91-4516-BBD4-55986B404662}"
EndProject
Project("{2150E333-8FDC-42A3-9474-1A3956D46DE8}") = "Infrastructure", "Infrastructure", "{0EED33B5-F232-4E71-8CAE-7FE9872135DC}"
EndProject
Project("{2150E333-8FDC-42A3-9474-1A3956D46DE8}") = "EndPoints", "EndPoints", "{14AE8CAD-F43D-4A42-B358-070593109BDC}"
EndProject
Project("{9A19103F-16F7-4668-BE54-9A1E7A4F7556}") = "Application", "Application\Application.csproj", "{CF4CCECE-BE6F-4F52-9F2E-07D00123853F}"
EndProject
Project("{9A19103F-16F7-4668-BE54-9A1E7A4F7556}") = "Domain", "Domain\Domain.csproj", "{5F9A831B-8B8B-4683-8767-BE2D332113AF}"
EndProject
Project("{9A19103F-16F7-4668-BE54-9A1E7A4F7556}") = "Persistence", "Persistence\Persistence.csproj", "{4FCC288C-437D-41A3-B58A-B74C3F99D056}"
EndProject
Project("{9A19103F-16F7-4668-BE54-9A1E7A4F7556}") = "MongoDBPersistence", "MongoPersistence\MongoDBPersistence.csproj", "{CF799B54-704E-4363-AA6E-D876BB3D3ADB}"
EndProject
Project("{9A19103F-16F7-4668-BE54-9A1E7A4F7556}") = "NetworkBase", "NetworkBase\NetworkBase.csproj", "{3C2CA463-16B9-4A04-B377-36C75EE2DF47}"
EndProject
Project("{2150E333-8FDC-42A3-9474-1A3956D46DE8}") = "Shared", "Shared", "{3BD2B49A-C9C2-4AC9-B5D5-F47C246A5B92}"
EndProject
Project("{9A19103F-16F7-4668-BE54-9A1E7A4F7556}") = "Utitlity", "Utitlity\Utitlity.csproj", "{1748CAC0-0EE6-4F70-B599-22DA08B0CBE8}"
EndProject
Project("{FAE04EC0-301F-11D3-BF4B-00C04F79EFBC}") = "Validator", "Validator\Validator.csproj", "{5F76D805-FAE1-414C-80FC-58D887DE06E6}"
EndProject
Project("{FAE04EC0-301F-11D3-BF4B-00C04F79EFBC}") = "Api", "Api\Api.csproj", "{E22EB28B-586D-4860-B996-A80B8995F432}"
EndProject
Global
	GlobalSection(SolutionConfigurationPlatforms) = preSolution
		Debug|Any CPU = Debug|Any CPU
		Release|Any CPU = Release|Any CPU
	EndGlobalSection
	GlobalSection(ProjectConfigurationPlatforms) = postSolution
		{2EF39439-587F-41BD-94D5-BAC7ACBD7B46}.Debug|Any CPU.ActiveCfg = Debug|Any CPU
		{2EF39439-587F-41BD-94D5-BAC7ACBD7B46}.Debug|Any CPU.Build.0 = Debug|Any CPU
		{2EF39439-587F-41BD-94D5-BAC7ACBD7B46}.Release|Any CPU.ActiveCfg = Release|Any CPU
		{2EF39439-587F-41BD-94D5-BAC7ACBD7B46}.Release|Any CPU.Build.0 = Release|Any CPU
		{CF4CCECE-BE6F-4F52-9F2E-07D00123853F}.Debug|Any CPU.ActiveCfg = Debug|Any CPU
		{CF4CCECE-BE6F-4F52-9F2E-07D00123853F}.Debug|Any CPU.Build.0 = Debug|Any CPU
		{CF4CCECE-BE6F-4F52-9F2E-07D00123853F}.Release|Any CPU.ActiveCfg = Release|Any CPU
		{CF4CCECE-BE6F-4F52-9F2E-07D00123853F}.Release|Any CPU.Build.0 = Release|Any CPU
		{5F9A831B-8B8B-4683-8767-BE2D332113AF}.Debug|Any CPU.ActiveCfg = Debug|Any CPU
		{5F9A831B-8B8B-4683-8767-BE2D332113AF}.Debug|Any CPU.Build.0 = Debug|Any CPU
		{5F9A831B-8B8B-4683-8767-BE2D332113AF}.Release|Any CPU.ActiveCfg = Release|Any CPU
		{5F9A831B-8B8B-4683-8767-BE2D332113AF}.Release|Any CPU.Build.0 = Release|Any CPU
		{4FCC288C-437D-41A3-B58A-B74C3F99D056}.Debug|Any CPU.ActiveCfg = Debug|Any CPU
		{4FCC288C-437D-41A3-B58A-B74C3F99D056}.Debug|Any CPU.Build.0 = Debug|Any CPU
		{4FCC288C-437D-41A3-B58A-B74C3F99D056}.Release|Any CPU.ActiveCfg = Release|Any CPU
		{4FCC288C-437D-41A3-B58A-B74C3F99D056}.Release|Any CPU.Build.0 = Release|Any CPU
		{CF799B54-704E-4363-AA6E-D876BB3D3ADB}.Debug|Any CPU.ActiveCfg = Debug|Any CPU
		{CF799B54-704E-4363-AA6E-D876BB3D3ADB}.Debug|Any CPU.Build.0 = Debug|Any CPU
		{CF799B54-704E-4363-AA6E-D876BB3D3ADB}.Release|Any CPU.ActiveCfg = Release|Any CPU
		{CF799B54-704E-4363-AA6E-D876BB3D3ADB}.Release|Any CPU.Build.0 = Release|Any CPU
		{3C2CA463-16B9-4A04-B377-36C75EE2DF47}.Debug|Any CPU.ActiveCfg = Debug|Any CPU
		{3C2CA463-16B9-4A04-B377-36C75EE2DF47}.Debug|Any CPU.Build.0 = Debug|Any CPU
		{3C2CA463-16B9-4A04-B377-36C75EE2DF47}.Release|Any CPU.ActiveCfg = Release|Any CPU
		{3C2CA463-16B9-4A04-B377-36C75EE2DF47}.Release|Any CPU.Build.0 = Release|Any CPU
		{1748CAC0-0EE6-4F70-B599-22DA08B0CBE8}.Debug|Any CPU.ActiveCfg = Debug|Any CPU
		{1748CAC0-0EE6-4F70-B599-22DA08B0CBE8}.Debug|Any CPU.Build.0 = Debug|Any CPU
		{1748CAC0-0EE6-4F70-B599-22DA08B0CBE8}.Release|Any CPU.ActiveCfg = Release|Any CPU
		{1748CAC0-0EE6-4F70-B599-22DA08B0CBE8}.Release|Any CPU.Build.0 = Release|Any CPU
		{5F76D805-FAE1-414C-80FC-58D887DE06E6}.Debug|Any CPU.ActiveCfg = Debug|Any CPU
		{5F76D805-FAE1-414C-80FC-58D887DE06E6}.Debug|Any CPU.Build.0 = Debug|Any CPU
		{5F76D805-FAE1-414C-80FC-58D887DE06E6}.Release|Any CPU.ActiveCfg = Release|Any CPU
		{5F76D805-FAE1-414C-80FC-58D887DE06E6}.Release|Any CPU.Build.0 = Release|Any CPU
		{E22EB28B-586D-4860-B996-A80B8995F432}.Debug|Any CPU.ActiveCfg = Debug|Any CPU
		{E22EB28B-586D-4860-B996-A80B8995F432}.Debug|Any CPU.Build.0 = Debug|Any CPU
		{E22EB28B-586D-4860-B996-A80B8995F432}.Release|Any CPU.ActiveCfg = Release|Any CPU
		{E22EB28B-586D-4860-B996-A80B8995F432}.Release|Any CPU.Build.0 = Release|Any CPU
	EndGlobalSection
	GlobalSection(SolutionProperties) = preSolution
		HideSolutionNode = FALSE
	EndGlobalSection
	GlobalSection(NestedProjects) = preSolution
		{2EF39439-587F-41BD-94D5-BAC7ACBD7B46} = {14AE8CAD-F43D-4A42-B358-070593109BDC}
		{CF4CCECE-BE6F-4F52-9F2E-07D00123853F} = {F7553B39-2C91-4516-BBD4-55986B404662}
		{5F9A831B-8B8B-4683-8767-BE2D332113AF} = {F7553B39-2C91-4516-BBD4-55986B404662}
		{4FCC288C-437D-41A3-B58A-B74C3F99D056} = {0EED33B5-F232-4E71-8CAE-7FE9872135DC}
		{CF799B54-704E-4363-AA6E-D876BB3D3ADB} = {0EED33B5-F232-4E71-8CAE-7FE9872135DC}
		{3C2CA463-16B9-4A04-B377-36C75EE2DF47} = {F7553B39-2C91-4516-BBD4-55986B404662}
		{1748CAC0-0EE6-4F70-B599-22DA08B0CBE8} = {3BD2B49A-C9C2-4AC9-B5D5-F47C246A5B92}
		{5F76D805-FAE1-414C-80FC-58D887DE06E6} = {14AE8CAD-F43D-4A42-B358-070593109BDC}
		{E22EB28B-586D-4860-B996-A80B8995F432} = {14AE8CAD-F43D-4A42-B358-070593109BDC}
	EndGlobalSection
	GlobalSection(ExtensibilityGlobals) = postSolution
		SolutionGuid = {1BE5BA0B-675E-43E7-8E75-0EDEA66C8CD6}
	EndGlobalSection
EndGlobal
